
Microsoft Visual Studio Solution File, Format Version 12.00
# Visual Studio Version 17
VisualStudioVersion = 17.14.36414.22 d17.14
MinimumVisualStudioVersion = 10.0.40219.1
Project("{FAE04EC0-301F-11D3-BF4B-00C04F79EFBC}") = "WindowsNotepad", "WindowsNotepad.csproj", "{26BF7889-CB53-4E06-AE05-AAFC1F98C0CA}"
EndProject
Global
	GlobalSection(SolutionConfigurationPlatforms) = preSolution
		Debug|Any CPU = Debug|Any CPU
		Release|Any CPU = Release|Any CPU
	EndGlobalSection
	GlobalSection(ProjectConfigurationPlatforms) = postSolution
		{26BF7889-CB53-4E06-AE05-AAFC1F98C0CA}.Debug|Any CPU.ActiveCfg = Debug|Any CPU
		{26BF7889-CB53-4E06-AE05-AAFC1F98C0CA}.Debug|Any CPU.Build.0 = Debug|Any CPU
		{26BF7889-CB53-4E06-AE05-AAFC1F98C0CA}.Release|Any CPU.ActiveCfg = Release|Any CPU
		{26BF7889-CB53-4E06-AE05-AAFC1F98C0CA}.Release|Any CPU.Build.0 = Release|Any CPU
	EndGlobalSection
	GlobalSection(SolutionProperties) = preSolution
		HideSolutionNode = FALSE
	EndGlobalSection
	GlobalSection(ExtensibilityGlobals) = postSolution
		SolutionGuid = {7FF9329B-345D-442F-BCA8-A75217B336A2}
	EndGlobalSection
EndGlobal
